
Microsoft Visual Studio Solution File, Format Version 12.00
# Visual Studio Version 17
VisualStudioVersion = 17.4.33122.133
MinimumVisualStudioVersion = 10.0.40219.1
Project("{FAE04EC0-301F-11D3-BF4B-00C04F79EFBC}") = "LibFactura", "LibFacturaa\LibFactura.csproj", "{0819C636-5D27-4D46-9C07-F73FD2C2E5DF}"
EndProject
Project("{FAE04EC0-301F-11D3-BF4B-00C04F79EFBC}") = "WindowsRelaciones", "WindowsRelaciones\WindowsRelaciones.csproj", "{3E0F5418-56ED-4694-8407-9B302E9EE343}"
EndProject
Global
	GlobalSection(SolutionConfigurationPlatforms) = preSolution
		Debug|Any CPU = Debug|Any CPU
		Release|Any CPU = Release|Any CPU
	EndGlobalSection
	GlobalSection(ProjectConfigurationPlatforms) = postSolution
		{0819C636-5D27-4D46-9C07-F73FD2C2E5DF}.Debug|Any CPU.ActiveCfg = Debug|Any CPU
		{0819C636-5D27-4D46-9C07-F73FD2C2E5DF}.Debug|Any CPU.Build.0 = Debug|Any CPU
		{0819C636-5D27-4D46-9C07-F73FD2C2E5DF}.Release|Any CPU.ActiveCfg = Release|Any CPU
		{0819C636-5D27-4D46-9C07-F73FD2C2E5DF}.Release|Any CPU.Build.0 = Release|Any CPU
		{3E0F5418-56ED-4694-8407-9B302E9EE343}.Debug|Any CPU.ActiveCfg = Debug|Any CPU
		{3E0F5418-56ED-4694-8407-9B302E9EE343}.Debug|Any CPU.Build.0 = Debug|Any CPU
		{3E0F5418-56ED-4694-8407-9B302E9EE343}.Release|Any CPU.ActiveCfg = Release|Any CPU
		{3E0F5418-56ED-4694-8407-9B302E9EE343}.Release|Any CPU.Build.0 = Release|Any CPU
	EndGlobalSection
	GlobalSection(SolutionProperties) = preSolution
		HideSolutionNode = FALSE
	EndGlobalSection
	GlobalSection(ExtensibilityGlobals) = postSolution
		SolutionGuid = {F6F54641-13CD-424C-BB23-EF7DC9FDC39D}
	EndGlobalSection
EndGlobal
